{
  "version": 1,
  "dependencies": {
    ".NETnanoFramework,Version=v1.0": {
      "nanoFramework.CoreLibrary": {
        "type": "Direct",
        "requested": "[1.17.11, 1.17.11]",
        "resolved": "1.17.11",
        "contentHash": "EVpP9h9uzm4OweXrJ92f0NTxgBp46Qksv8eME0kwCcSAG3y674G+UdP1NvuOjIqTqPb3QOCSfdd654xCMwsV4Q=="
      }
    }
  }
}