{
  "version": 1,
  "dependencies": {
    ".NETnanoFramework,Version=v1.0": {
      "nanoFramework.CoreLibrary": {
        "type": "Direct",
        "requested": "[1.17.12, 1.17.12]",
        "resolved": "1.17.12",
        "contentHash": "LP9bv1XkhAhnzims6+w3CVBk/TKtH8jzgsoBoePOrBWYTOVlTQSde6X4Bxo6Y2wEoCizIGGYHAKmnDY7lo1LMw=="
      },
      "nanoFramework.Runtime.Events": {
        "type": "Direct",
        "requested": "[1.11.32, 1.11.32]",
        "resolved": "1.11.32",
        "contentHash": "NyLUIwJDlpl5VKSd+ljmdDtO2WHHBvPvruo1ccaL+hd79z+6XMYze1AccOVXKGiZenLBCwDmFHwpgIQyHkM7GA=="
      }
    }
  }
}
